
Microsoft Visual Studio Solution File, Format Version 12.00
# Visual Studio 15
VisualStudioVersion = 15.0.28307.902
MinimumVisualStudioVersion = 10.0.40219.1
Project("{FAE04EC0-301F-11D3-BF4B-00C04F79EFBC}") = "FromInt32ToIPv4", "FromInt32ToIPv4.csproj", "{ECFE554D-516A-4C43-8106-151DB2A4C0DA}"
EndProject
Global
	GlobalSection(SolutionConfigurationPlatforms) = preSolution
		Debug|Any CPU = Debug|Any CPU
		Release|Any CPU = Release|Any CPU
	EndGlobalSection
	GlobalSection(ProjectConfigurationPlatforms) = postSolution
		{ECFE554D-516A-4C43-8106-151DB2A4C0DA}.Debug|Any CPU.ActiveCfg = Debug|Any CPU
		{ECFE554D-516A-4C43-8106-151DB2A4C0DA}.Debug|Any CPU.Build.0 = Debug|Any CPU
		{ECFE554D-516A-4C43-8106-151DB2A4C0DA}.Release|Any CPU.ActiveCfg = Release|Any CPU
		{ECFE554D-516A-4C43-8106-151DB2A4C0DA}.Release|Any CPU.Build.0 = Release|Any CPU
	EndGlobalSection
	GlobalSection(SolutionProperties) = preSolution
		HideSolutionNode = FALSE
	EndGlobalSection
	GlobalSection(ExtensibilityGlobals) = postSolution
		SolutionGuid = {14C1236A-39AE-4E30-93A7-5489C1239694}
	EndGlobalSection
EndGlobal
