
Microsoft Visual Studio Solution File, Format Version 12.00
# Visual Studio 15
VisualStudioVersion = 15.0.28307.168
MinimumVisualStudioVersion = 10.0.40219.1
Project("{FAE04EC0-301F-11D3-BF4B-00C04F79EFBC}") = "Numerate_string", "Numerate_string\Numerate_string.csproj", "{88E06079-D9B5-4CBE-8312-388772BD0C6F}"
EndProject
Project("{FAE04EC0-301F-11D3-BF4B-00C04F79EFBC}") = "Numerate_stringTests", "Numerate_stringTests\Numerate_stringTests.csproj", "{C1FFE865-88B1-462D-8A5D-86106FE25A3A}"
EndProject
Global
	GlobalSection(SolutionConfigurationPlatforms) = preSolution
		Debug|Any CPU = Debug|Any CPU
		Release|Any CPU = Release|Any CPU
	EndGlobalSection
	GlobalSection(ProjectConfigurationPlatforms) = postSolution
		{88E06079-D9B5-4CBE-8312-388772BD0C6F}.Debug|Any CPU.ActiveCfg = Debug|Any CPU
		{88E06079-D9B5-4CBE-8312-388772BD0C6F}.Debug|Any CPU.Build.0 = Debug|Any CPU
		{88E06079-D9B5-4CBE-8312-388772BD0C6F}.Release|Any CPU.ActiveCfg = Release|Any CPU
		{88E06079-D9B5-4CBE-8312-388772BD0C6F}.Release|Any CPU.Build.0 = Release|Any CPU
		{C1FFE865-88B1-462D-8A5D-86106FE25A3A}.Debug|Any CPU.ActiveCfg = Debug|Any CPU
		{C1FFE865-88B1-462D-8A5D-86106FE25A3A}.Debug|Any CPU.Build.0 = Debug|Any CPU
		{C1FFE865-88B1-462D-8A5D-86106FE25A3A}.Release|Any CPU.ActiveCfg = Release|Any CPU
		{C1FFE865-88B1-462D-8A5D-86106FE25A3A}.Release|Any CPU.Build.0 = Release|Any CPU
	EndGlobalSection
	GlobalSection(SolutionProperties) = preSolution
		HideSolutionNode = FALSE
	EndGlobalSection
	GlobalSection(ExtensibilityGlobals) = postSolution
		SolutionGuid = {FDB36274-92DC-4433-82F3-086333BF2615}
	EndGlobalSection
EndGlobal
