
Microsoft Visual Studio Solution File, Format Version 12.00
# Visual Studio 15
VisualStudioVersion = 15.0.28307.168
MinimumVisualStudioVersion = 10.0.40219.1
Project("{FAE04EC0-301F-11D3-BF4B-00C04F79EFBC}") = "HighestScoringWord", "HighestScoringWord\HighestScoringWord.csproj", "{861E036A-BB28-4FBC-83C8-22F99F674F8C}"
EndProject
Project("{FAE04EC0-301F-11D3-BF4B-00C04F79EFBC}") = "Numerate_string", "..\Numerate_string\Numerate_string\Numerate_string.csproj", "{88E06079-D9B5-4CBE-8312-388772BD0C6F}"
EndProject
Global
	GlobalSection(SolutionConfigurationPlatforms) = preSolution
		Debug|Any CPU = Debug|Any CPU
		Release|Any CPU = Release|Any CPU
	EndGlobalSection
	GlobalSection(ProjectConfigurationPlatforms) = postSolution
		{861E036A-BB28-4FBC-83C8-22F99F674F8C}.Debug|Any CPU.ActiveCfg = Debug|Any CPU
		{861E036A-BB28-4FBC-83C8-22F99F674F8C}.Debug|Any CPU.Build.0 = Debug|Any CPU
		{861E036A-BB28-4FBC-83C8-22F99F674F8C}.Release|Any CPU.ActiveCfg = Release|Any CPU
		{861E036A-BB28-4FBC-83C8-22F99F674F8C}.Release|Any CPU.Build.0 = Release|Any CPU
		{88E06079-D9B5-4CBE-8312-388772BD0C6F}.Debug|Any CPU.ActiveCfg = Debug|Any CPU
		{88E06079-D9B5-4CBE-8312-388772BD0C6F}.Debug|Any CPU.Build.0 = Debug|Any CPU
		{88E06079-D9B5-4CBE-8312-388772BD0C6F}.Release|Any CPU.ActiveCfg = Release|Any CPU
		{88E06079-D9B5-4CBE-8312-388772BD0C6F}.Release|Any CPU.Build.0 = Release|Any CPU
	EndGlobalSection
	GlobalSection(SolutionProperties) = preSolution
		HideSolutionNode = FALSE
	EndGlobalSection
	GlobalSection(ExtensibilityGlobals) = postSolution
		SolutionGuid = {0BC20998-0D3B-464A-9699-17383953663F}
	EndGlobalSection
EndGlobal
