
Microsoft Visual Studio Solution File, Format Version 12.00
# Visual Studio 15
VisualStudioVersion = 15.0.28307.271
MinimumVisualStudioVersion = 10.0.40219.1
Project("{9A19103F-16F7-4668-BE54-9A1E7A4F7556}") = "Consecutive Strings", "Consecutive Strings\Consecutive Strings.csproj", "{42242DEC-1978-435A-9463-1E768D277134}"
EndProject
Project("{9A19103F-16F7-4668-BE54-9A1E7A4F7556}") = "TripleTrouble", "D:\Программирование\Visual Studio Projects\CodeWars Solutions\TripleTrouble\TripleTrouble\TripleTrouble.csproj", "{EAF4092E-6AD7-4931-A5B4-7B6172083A13}"
EndProject
Global
	GlobalSection(SolutionConfigurationPlatforms) = preSolution
		Debug|Any CPU = Debug|Any CPU
		Release|Any CPU = Release|Any CPU
	EndGlobalSection
	GlobalSection(ProjectConfigurationPlatforms) = postSolution
		{42242DEC-1978-435A-9463-1E768D277134}.Debug|Any CPU.ActiveCfg = Debug|Any CPU
		{42242DEC-1978-435A-9463-1E768D277134}.Debug|Any CPU.Build.0 = Debug|Any CPU
		{42242DEC-1978-435A-9463-1E768D277134}.Release|Any CPU.ActiveCfg = Release|Any CPU
		{42242DEC-1978-435A-9463-1E768D277134}.Release|Any CPU.Build.0 = Release|Any CPU
		{EAF4092E-6AD7-4931-A5B4-7B6172083A13}.Debug|Any CPU.ActiveCfg = Debug|Any CPU
		{EAF4092E-6AD7-4931-A5B4-7B6172083A13}.Debug|Any CPU.Build.0 = Debug|Any CPU
		{EAF4092E-6AD7-4931-A5B4-7B6172083A13}.Release|Any CPU.ActiveCfg = Release|Any CPU
		{EAF4092E-6AD7-4931-A5B4-7B6172083A13}.Release|Any CPU.Build.0 = Release|Any CPU
	EndGlobalSection
	GlobalSection(SolutionProperties) = preSolution
		HideSolutionNode = FALSE
	EndGlobalSection
	GlobalSection(ExtensibilityGlobals) = postSolution
		SolutionGuid = {F6ED52CD-7606-4ABE-8768-96B833546E78}
	EndGlobalSection
EndGlobal
